<?xml version="1.0" encoding="utf-8"?>
<Project ToolsVersion="4.0" xmlns="http://schemas.microsoft.com/developer/msbuild/2003">
  <ItemGroup>
    <Filter Include="Source Files">
      <UniqueIdentifier>{4FC737F1-C7A5-4376-A066-2A32D752A2FF}</UniqueIdentifier>
      <Extensions>cpp;c;cc;cxx;c++;cppm;ixx;def;odl;idl;hpj;bat;asm;asmx</Extensions>
    </Filter>
    <Filter Include="Header Files">
      <UniqueIdentifier>{93995380-89BD-4b04-88EB-625FBE52EBFB}</UniqueIdentifier>
      <Extensions>h;hh;hpp;hxx;h++;hm;inl;inc;ipp;xsd</Extensions>
    </Filter>
    <Filter Include="Resource Files">
      <UniqueIdentifier>{67DA6AB6-F800-4c08-8B7A-83BB121AAD01}</UniqueIdentifier>
      <Extensions>rc;ico;cur;bmp;dlg;rc2;rct;bin;rgs;gif;jpg;jpeg;jpe;resx;tiff;tif;png;wav;mfcribbon-ms</Extensions>
    </Filter>
  </ItemGroup>
  <ItemGroup>
    <ClCompile Include="MTXPacketConverter.cpp">
      <Filter>Source Files</Filter>
    </ClCompile>
    <ClCompile Include="CMTXPacketReader.cpp">
      <Filter>Source Files</Filter>
    </ClCompile>
    <ClCompile Include="CMatrix.cpp">
      <Filter>Source Files</Filter>
    </ClCompile>
    <ClCompile Include="CArray.cpp">
      <Filter>Source Files</Filter>
    </ClCompile>
    <ClCompile Include="CMTXMatrixReader.cpp">
      <Filter>Source Files</Filter>
    </ClCompile>
    <ClCompile Include="CMTXArrayReader.cpp">
      <Filter>Source Files</Filter>
    </ClCompile>
    <ClCompile Include="CProblem.cpp">
      <Filter>Source Files</Filter>
    </ClCompile>
    <ClCompile Include="CMTXReader.cpp">
      <Filter>Source Files</Filter>
    </ClCompile>
    <ClCompile Include="CMTXWriter.cpp">
      <Filter>Source Files</Filter>
    </ClCompile>
    <ClCompile Include="CMTXFilename.cpp">
      <Filter>Source Files</Filter>
    </ClCompile>
    <ClCompile Include="CMTXTraceReader.cpp">
      <Filter>Source Files</Filter>
    </ClCompile>
    <ClCompile Include="CMTXLppReader.cpp">
      <Filter>Source Files</Filter>
    </ClCompile>
    <ClCompile Include="CMTXPacketWriter.cpp">
      <Filter>Source Files</Filter>
    </ClCompile>
    <ClCompile Include="CRandom.cpp">
      <Filter>Source Files</Filter>
    </ClCompile>
    <ClCompile Include="CVector.cpp">
      <Filter>Source Files</Filter>
    </ClCompile>
  </ItemGroup>
  <ItemGroup>
    <ClInclude Include="CMTXPacketReader.h">
      <Filter>Header Files</Filter>
    </ClInclude>
    <ClInclude Include="CMatrix.h">
      <Filter>Header Files</Filter>
    </ClInclude>
    <ClInclude Include="CArray.h">
      <Filter>Header Files</Filter>
    </ClInclude>
    <ClInclude Include="CMTXMatrixReader.h">
      <Filter>Header Files</Filter>
    </ClInclude>
    <ClInclude Include="CMTXArrayReader.h">
      <Filter>Header Files</Filter>
    </ClInclude>
    <ClInclude Include="CProblem.h">
      <Filter>Header Files</Filter>
    </ClInclude>
    <ClInclude Include="CMTXReader.h">
      <Filter>Header Files</Filter>
    </ClInclude>
    <ClInclude Include="CMTXWriter.h">
      <Filter>Header Files</Filter>
    </ClInclude>
    <ClInclude Include="CMTXFilename.h">
      <Filter>Header Files</Filter>
    </ClInclude>
    <ClInclude Include="CMTXTraceReader.h">
      <Filter>Header Files</Filter>
    </ClInclude>
    <ClInclude Include="CMTXLppReader.h">
      <Filter>Header Files</Filter>
    </ClInclude>
    <ClInclude Include="CMTXPacketWriter.h">
      <Filter>Header Files</Filter>
    </ClInclude>
    <ClInclude Include="CRandom.h">
      <Filter>Header Files</Filter>
    </ClInclude>
    <ClInclude Include="CVector.h">
      <Filter>Header Files</Filter>
    </ClInclude>
  </ItemGroup>
  <ItemGroup>
    <None Include="config.ini">
      <Filter>Resource Files</Filter>
    </None>
  </ItemGroup>
</Project>